PODS:
  - flutter_blue (0.0.1):
    - flutter_blue/Protos (= 0.0.1)
    - FlutterMacOS
  - flutter_blue/Protos (0.0.1):
    - FlutterMacOS
    - Protobuf (~> 3.21.0)
  - FlutterMacOS (3.0.0)
  - Protobuf (3.21.12)

DEPENDENCIES:
  - flutter_blue (from `Flutter/ephemeral/.symlinks/plugins/flutter_blue/macos`)

SPEC REPOS:
  trunk:
    - FlutterMacOS
    - Protobuf

EXTERNAL SOURCES:
  flutter_blue:
    :path: Flutter/ephemeral/.symlinks/plugins/flutter_blue/macos

SPEC CHECKSUMS:
  flutter_blue: 0dc27e62791a9055141dad125fd29f26b042d9a3
  FlutterMacOS: 45e508c87e018a84368607c1203b4a59629ac279
  Protobuf: 120350fc38646e2dedc26f49ecba778184ea1de2

PODFILE CHECKSUM: 2daa8b2c696ee067f8f14c47088f7cdbf16ec03b

COCOAPODS: 1.16.2
